
Microsoft Visual Studio Solution File, Format Version 12.00
# Visual Studio Version 16
VisualStudioVersion = 16.0.31702.278
MinimumVisualStudioVersion = 10.0.40219.1
Project("{FAE04EC0-301F-11D3-BF4B-00C04F79EFBC}") = "LinkedListProgram", "LinkedListProgram.csproj", "{345D666B-ABCE-4C79-AD49-058CBFE216B5}"
EndProject
Global
	GlobalSection(SolutionConfigurationPlatforms) = preSolution
		Debug|Any CPU = Debug|Any CPU
		Release|Any CPU = Release|Any CPU
	EndGlobalSection
	GlobalSection(ProjectConfigurationPlatforms) = postSolution
		{345D666B-ABCE-4C79-AD49-058CBFE216B5}.Debug|Any CPU.ActiveCfg = Debug|Any CPU
		{345D666B-ABCE-4C79-AD49-058CBFE216B5}.Debug|Any CPU.Build.0 = Debug|Any CPU
		{345D666B-ABCE-4C79-AD49-058CBFE216B5}.Release|Any CPU.ActiveCfg = Release|Any CPU
		{345D666B-ABCE-4C79-AD49-058CBFE216B5}.Release|Any CPU.Build.0 = Release|Any CPU
	EndGlobalSection
	GlobalSection(SolutionProperties) = preSolution
		HideSolutionNode = FALSE
	EndGlobalSection
	GlobalSection(ExtensibilityGlobals) = postSolution
		SolutionGuid = {F932985F-A14C-4574-9049-1D75708EBF84}
	EndGlobalSection
EndGlobal
